
Microsoft Visual Studio Solution File, Format Version 12.00
# Visual Studio 15
VisualStudioVersion = 15.0.28307.168
MinimumVisualStudioVersion = 10.0.40219.1
Project("{FAE04EC0-301F-11D3-BF4B-00C04F79EFBC}") = "EmployeeDemo2", "EmployeeDemo2\EmployeeDemo2.csproj", "{CFF1A892-B612-4076-8EC0-EB96C3D49BC0}"
EndProject
Global
	GlobalSection(SolutionConfigurationPlatforms) = preSolution
		Debug|Any CPU = Debug|Any CPU
		Release|Any CPU = Release|Any CPU
	EndGlobalSection
	GlobalSection(ProjectConfigurationPlatforms) = postSolution
		{CFF1A892-B612-4076-8EC0-EB96C3D49BC0}.Debug|Any CPU.ActiveCfg = Debug|Any CPU
		{CFF1A892-B612-4076-8EC0-EB96C3D49BC0}.Debug|Any CPU.Build.0 = Debug|Any CPU
		{CFF1A892-B612-4076-8EC0-EB96C3D49BC0}.Release|Any CPU.ActiveCfg = Release|Any CPU
		{CFF1A892-B612-4076-8EC0-EB96C3D49BC0}.Release|Any CPU.Build.0 = Release|Any CPU
	EndGlobalSection
	GlobalSection(SolutionProperties) = preSolution
		HideSolutionNode = FALSE
	EndGlobalSection
	GlobalSection(ExtensibilityGlobals) = postSolution
		SolutionGuid = {69E4B000-8DB0-472C-BEF8-ABAFBB15CE0A}
	EndGlobalSection
EndGlobal
